
Microsoft Visual Studio Solution File, Format Version 11.00
# Visual Studio 2010
Project("{FAE04EC0-301F-11D3-BF4B-00C04F79EFBC}") = "MyHimnario", "MyHimnario\MyHimnario.csproj", "{708C47DA-DFE1-48C7-9A2D-18F6026406AD}"
EndProject
Global
	GlobalSection(SolutionConfigurationPlatforms) = preSolution
		Debug|x86 = Debug|x86
		Release|x86 = Release|x86
	EndGlobalSection
	GlobalSection(ProjectConfigurationPlatforms) = postSolution
		{708C47DA-DFE1-48C7-9A2D-18F6026406AD}.Debug|x86.ActiveCfg = Debug|x86
		{708C47DA-DFE1-48C7-9A2D-18F6026406AD}.Debug|x86.Build.0 = Debug|x86
		{708C47DA-DFE1-48C7-9A2D-18F6026406AD}.Release|x86.ActiveCfg = Release|x86
		{708C47DA-DFE1-48C7-9A2D-18F6026406AD}.Release|x86.Build.0 = Release|x86
	EndGlobalSection
	GlobalSection(SolutionProperties) = preSolution
		HideSolutionNode = FALSE
	EndGlobalSection
EndGlobal
